
Microsoft Visual Studio Solution File, Format Version 12.00
# Visual Studio Version 16
VisualStudioVersion = 16.0.31025.194
MinimumVisualStudioVersion = 10.0.40219.1
Project("{FAE04EC0-301F-11D3-BF4B-00C04F79EFBC}") = "PreGame", "PreGame\PreGame.csproj", "{89C3E261-3D68-4985-B25D-664C33AA0953}"
EndProject
Global
	GlobalSection(SolutionConfigurationPlatforms) = preSolution
		Debug|Any CPU = Debug|Any CPU
		Release|Any CPU = Release|Any CPU
	EndGlobalSection
	GlobalSection(ProjectConfigurationPlatforms) = postSolution
		{89C3E261-3D68-4985-B25D-664C33AA0953}.Debug|Any CPU.ActiveCfg = Debug|Any CPU
		{89C3E261-3D68-4985-B25D-664C33AA0953}.Debug|Any CPU.Build.0 = Debug|Any CPU
		{89C3E261-3D68-4985-B25D-664C33AA0953}.Release|Any CPU.ActiveCfg = Release|Any CPU
		{89C3E261-3D68-4985-B25D-664C33AA0953}.Release|Any CPU.Build.0 = Release|Any CPU
	EndGlobalSection
	GlobalSection(SolutionProperties) = preSolution
		HideSolutionNode = FALSE
	EndGlobalSection
	GlobalSection(ExtensibilityGlobals) = postSolution
		SolutionGuid = {1429F928-5480-405F-9ADA-7AC8E6164297}
	EndGlobalSection
EndGlobal
